<?xml version="1.0" encoding="utf-8"?>
<Project ToolsVersion="4.0" xmlns="http://schemas.microsoft.com/developer/msbuild/2003">
  <ItemGroup>
    <Filter Include="Source Files">
      <UniqueIdentifier>{4FC737F1-C7A5-4376-A066-2A32D752A2FF}</UniqueIdentifier>
      <Extensions>cpp;c;cc;cxx;def;odl;idl;hpj;bat;asm;asmx</Extensions>
    </Filter>
    <Filter Include="Header Files">
      <UniqueIdentifier>{93995380-89BD-4b04-88EB-625FBE52EBFB}</UniqueIdentifier>
      <Extensions>h;hh;hpp;hxx;hm;inl;inc;xsd</Extensions>
    </Filter>
    <Filter Include="Resource Files">
      <UniqueIdentifier>{67DA6AB6-F800-4c08-8B7A-83BB121AAD01}</UniqueIdentifier>
      <Extensions>rc;ico;cur;bmp;dlg;rc2;rct;bin;rgs;gif;jpg;jpeg;jpe;resx;tiff;tif;png;wav</Extensions>
    </Filter>
  </ItemGroup>
  <ItemGroup>
    <ClCompile Include="src\common.c">
      <Filter>Source Files</Filter>
    </ClCompile>
    <ClCompile Include="src\accesses\accesses.c">
      <Filter>Source Files</Filter>
    </ClCompile>
    <ClCompile Include="src\accesses\stretch_key.c">
      <Filter>Source Files</Filter>
    </ClCompile>
    <ClCompile Include="src\accesses\bek\bekfile.c">
      <Filter>Source Files</Filter>
    </ClCompile>
    <ClCompile Include="src\accesses\rp\recovery_password.c">
      <Filter>Source Files</Filter>
    </ClCompile>
    <ClCompile Include="src\encryption\aes-xts.c">
      <Filter>Source Files</Filter>
    </ClCompile>
    <ClCompile Include="src\encryption\crc32.c">
      <Filter>Source Files</Filter>
    </ClCompile>
    <ClCompile Include="src\encryption\decrypt.c">
      <Filter>Source Files</Filter>
    </ClCompile>
    <ClCompile Include="src\encryption\diffuser.c">
      <Filter>Source Files</Filter>
    </ClCompile>
    <ClCompile Include="src\encryption\encommon.c">
      <Filter>Source Files</Filter>
    </ClCompile>
    <ClCompile Include="src\encryption\encrypt.c">
      <Filter>Source Files</Filter>
    </ClCompile>
    <ClCompile Include="src\inouts\inouts.c">
      <Filter>Source Files</Filter>
    </ClCompile>
    <ClCompile Include="src\inouts\prepare.c">
      <Filter>Source Files</Filter>
    </ClCompile>
    <ClCompile Include="src\inouts\sectors.c">
      <Filter>Source Files</Filter>
    </ClCompile>
    <ClCompile Include="src\logs\event_descriptors.c">
      <Filter>Source Files</Filter>
    </ClCompile>
    <ClCompile Include="src\metadata\datums.c">
      <Filter>Source Files</Filter>
    </ClCompile>
    <ClCompile Include="src\metadata\extended_info.c">
      <Filter>Source Files</Filter>
    </ClCompile>
    <ClCompile Include="src\metadata\fvek.c">
      <Filter>Source Files</Filter>
    </ClCompile>
    <ClCompile Include="src\metadata\guid.c">
      <Filter>Source Files</Filter>
    </ClCompile>
    <ClCompile Include="src\metadata\metadata.c">
      <Filter>Source Files</Filter>
    </ClCompile>
    <ClCompile Include="src\metadata\print_metadata.c">
      <Filter>Source Files</Filter>
    </ClCompile>
    <ClCompile Include="src\metadata\vmk.c">
      <Filter>Source Files</Filter>
    </ClCompile>
    <ClCompile Include="src\ntfs\clock.c">
      <Filter>Source Files</Filter>
    </ClCompile>
    <ClCompile Include="src\ntfs\encoding.c">
      <Filter>Source Files</Filter>
    </ClCompile>
    <ClCompile Include="src\xstd\xstdio.c">
      <Filter>Source Files</Filter>
    </ClCompile>
    <ClCompile Include="src\xstd\xstdlib.c">
      <Filter>Source Files</Filter>
    </ClCompile>
    <ClCompile Include="src\accesses\user_pass\user_pass.c">
      <Filter>Source Files</Filter>
    </ClCompile>
    <ClCompile Include="src\dislocker.c">
      <Filter>Source Files</Filter>
    </ClCompile>
    <ClCompile Include="src\config.c">
      <Filter>Source Files</Filter>
    </ClCompile>
    <ClCompile Include="Z:\src\c\getopt.c">
      <Filter>Source Files</Filter>
    </ClCompile>
  </ItemGroup>
  <ItemGroup>
    <ClInclude Include="include\dislocker\common.h">
      <Filter>Header Files</Filter>
    </ClInclude>
    <ClInclude Include="include\dislocker\config.h">
      <Filter>Header Files</Filter>
    </ClInclude>
    <ClInclude Include="include\dislocker\config.priv.h">
      <Filter>Header Files</Filter>
    </ClInclude>
    <ClInclude Include="include\dislocker\dislocker.h">
      <Filter>Header Files</Filter>
    </ClInclude>
    <ClInclude Include="include\dislocker\dislocker.priv.h">
      <Filter>Header Files</Filter>
    </ClInclude>
    <ClInclude Include="include\dislocker\return_values.h">
      <Filter>Header Files</Filter>
    </ClInclude>
    <ClInclude Include="include\dislocker\ruby.h">
      <Filter>Header Files</Filter>
    </ClInclude>
    <ClInclude Include="include\dislocker\accesses\accesses.h">
      <Filter>Header Files</Filter>
    </ClInclude>
    <ClInclude Include="include\dislocker\accesses\stretch_key.h">
      <Filter>Header Files</Filter>
    </ClInclude>
    <ClInclude Include="include\dislocker\accesses\bek\bekfile.h">
      <Filter>Header Files</Filter>
    </ClInclude>
    <ClInclude Include="include\dislocker\accesses\rp\recovery_password.h">
      <Filter>Header Files</Filter>
    </ClInclude>
    <ClInclude Include="include\dislocker\accesses\user_pass\user_pass.h">
      <Filter>Header Files</Filter>
    </ClInclude>
    <ClInclude Include="include\dislocker\encryption\aes-xts.h">
      <Filter>Header Files</Filter>
    </ClInclude>
    <ClInclude Include="include\dislocker\encryption\crc32.h">
      <Filter>Header Files</Filter>
    </ClInclude>
    <ClInclude Include="include\dislocker\encryption\decrypt.h">
      <Filter>Header Files</Filter>
    </ClInclude>
    <ClInclude Include="include\dislocker\encryption\diffuser.h">
      <Filter>Header Files</Filter>
    </ClInclude>
    <ClInclude Include="include\dislocker\encryption\encommon.h">
      <Filter>Header Files</Filter>
    </ClInclude>
    <ClInclude Include="include\dislocker\encryption\encommon.priv.h">
      <Filter>Header Files</Filter>
    </ClInclude>
    <ClInclude Include="include\dislocker\encryption\encrypt.h">
      <Filter>Header Files</Filter>
    </ClInclude>
    <ClInclude Include="include\dislocker\inouts\inouts.h">
      <Filter>Header Files</Filter>
    </ClInclude>
    <ClInclude Include="include\dislocker\inouts\inouts.priv.h">
      <Filter>Header Files</Filter>
    </ClInclude>
    <ClInclude Include="include\dislocker\inouts\prepare.h">
      <Filter>Header Files</Filter>
    </ClInclude>
    <ClInclude Include="include\dislocker\inouts\sectors.h">
      <Filter>Header Files</Filter>
    </ClInclude>
    <ClInclude Include="include\dislocker\metadata\datums.h">
      <Filter>Header Files</Filter>
    </ClInclude>
    <ClInclude Include="include\dislocker\metadata\extended_info.h">
      <Filter>Header Files</Filter>
    </ClInclude>
    <ClInclude Include="include\dislocker\metadata\fvek.h">
      <Filter>Header Files</Filter>
    </ClInclude>
    <ClInclude Include="include\dislocker\metadata\guid.h">
      <Filter>Header Files</Filter>
    </ClInclude>
    <ClInclude Include="include\dislocker\metadata\metadata.h">
      <Filter>Header Files</Filter>
    </ClInclude>
    <ClInclude Include="include\dislocker\metadata\metadata.priv.h">
      <Filter>Header Files</Filter>
    </ClInclude>
    <ClInclude Include="include\dislocker\metadata\metadata_config.h">
      <Filter>Header Files</Filter>
    </ClInclude>
    <ClInclude Include="include\dislocker\metadata\print_metadata.h">
      <Filter>Header Files</Filter>
    </ClInclude>
    <ClInclude Include="include\dislocker\metadata\vmk.h">
      <Filter>Header Files</Filter>
    </ClInclude>
    <ClInclude Include="include\dislocker\ntfs\clock.h">
      <Filter>Header Files</Filter>
    </ClInclude>
    <ClInclude Include="include\dislocker\ntfs\encoding.h">
      <Filter>Header Files</Filter>
    </ClInclude>
    <ClInclude Include="include\dislocker\xstd\xstdio.h">
      <Filter>Header Files</Filter>
    </ClInclude>
    <ClInclude Include="include\dislocker\xstd\xstdlib.h">
      <Filter>Header Files</Filter>
    </ClInclude>
    <ClInclude Include="include\dislocker\xstd\xsys_select.h">
      <Filter>Header Files</Filter>
    </ClInclude>
    <ClInclude Include="src\logs\event_descriptors.h">
      <Filter>Header Files</Filter>
    </ClInclude>
    <ClInclude Include="include\dislocker\ssl_bindings.h">
      <Filter>Header Files</Filter>
    </ClInclude>
  </ItemGroup>
</Project>